
Microsoft Visual Studio Solution File, Format Version 12.00
# Visual Studio Version 17
VisualStudioVersion = 17.3.32811.315
MinimumVisualStudioVersion = 10.0.40219.1
Project("{FAE04EC0-301F-11D3-BF4B-00C04F79EFBC}") = "HandsOn.API", "HandsOn.API\HandsOn.API.csproj", "{1FBAFA66-8560-427A-965D-8A968082266F}"
EndProject
Project("{E53339B2-1760-4266-BCC7-CA923CBCF16C}") = "docker-compose", "docker-compose.dcproj", "{33F6D3B8-E3E5-465D-A17B-C209AB952BA0}"
EndProject
Global
	GlobalSection(SolutionConfigurationPlatforms) = preSolution
		Debug|Any CPU = Debug|Any CPU
		Release|Any CPU = Release|Any CPU
	EndGlobalSection
	GlobalSection(ProjectConfigurationPlatforms) = postSolution
		{1FBAFA66-8560-427A-965D-8A968082266F}.Debug|Any CPU.ActiveCfg = Debug|Any CPU
		{1FBAFA66-8560-427A-965D-8A968082266F}.Debug|Any CPU.Build.0 = Debug|Any CPU
		{1FBAFA66-8560-427A-965D-8A968082266F}.Release|Any CPU.ActiveCfg = Release|Any CPU
		{1FBAFA66-8560-427A-965D-8A968082266F}.Release|Any CPU.Build.0 = Release|Any CPU
		{33F6D3B8-E3E5-465D-A17B-C209AB952BA0}.Debug|Any CPU.ActiveCfg = Debug|Any CPU
		{33F6D3B8-E3E5-465D-A17B-C209AB952BA0}.Debug|Any CPU.Build.0 = Debug|Any CPU
		{33F6D3B8-E3E5-465D-A17B-C209AB952BA0}.Release|Any CPU.ActiveCfg = Release|Any CPU
		{33F6D3B8-E3E5-465D-A17B-C209AB952BA0}.Release|Any CPU.Build.0 = Release|Any CPU
	EndGlobalSection
	GlobalSection(SolutionProperties) = preSolution
		HideSolutionNode = FALSE
	EndGlobalSection
	GlobalSection(ExtensibilityGlobals) = postSolution
		SolutionGuid = {E31325FA-9803-47B1-BC78-C62764569724}
	EndGlobalSection
EndGlobal
